
Microsoft Visual Studio Solution File, Format Version 12.00
# Visual Studio Version 17
VisualStudioVersion = 17.7.34202.233
MinimumVisualStudioVersion = 10.0.40219.1
Project("{9A19103F-16F7-4668-BE54-9A1E7A4F7556}") = "WinFormsApp4", "WinFormsApp4\WinFormsApp4.csproj", "{359D7AC1-FB19-4FD7-8141-9C992C8343F3}"
EndProject
Global
	GlobalSection(SolutionConfigurationPlatforms) = preSolution
		Debug|Any CPU = Debug|Any CPU
		Release|Any CPU = Release|Any CPU
	EndGlobalSection
	GlobalSection(ProjectConfigurationPlatforms) = postSolution
		{359D7AC1-FB19-4FD7-8141-9C992C8343F3}.Debug|Any CPU.ActiveCfg = Debug|Any CPU
		{359D7AC1-FB19-4FD7-8141-9C992C8343F3}.Debug|Any CPU.Build.0 = Debug|Any CPU
		{359D7AC1-FB19-4FD7-8141-9C992C8343F3}.Release|Any CPU.ActiveCfg = Release|Any CPU
		{359D7AC1-FB19-4FD7-8141-9C992C8343F3}.Release|Any CPU.Build.0 = Release|Any CPU
	EndGlobalSection
	GlobalSection(SolutionProperties) = preSolution
		HideSolutionNode = FALSE
	EndGlobalSection
	GlobalSection(ExtensibilityGlobals) = postSolution
		SolutionGuid = {BC66664F-4245-40E3-A886-15E2B7222742}
	EndGlobalSection
EndGlobal
